
Microsoft Visual Studio Solution File, Format Version 12.00
# Visual Studio Version 17
VisualStudioVersion = 17.8.34316.72
MinimumVisualStudioVersion = 10.0.40219.1
Project("{2150E333-8FDC-42A3-9474-1A3956D46DE8}") = "Apis", "Apis", "{99039CD7-63A4-40EC-9F94-3D69AA0B3241}"
EndProject
Project("{2150E333-8FDC-42A3-9474-1A3956D46DE8}") = "Application", "Application", "{09B24892-E2E8-449F-8B27-A616710C6D46}"
EndProject
Project("{2150E333-8FDC-42A3-9474-1A3956D46DE8}") = "Infrastructure", "Infrastructure", "{97D5E036-310E-4F07-BCAB-32FDBB8D0E01}"
EndProject
Project("{9A19103F-16F7-4668-BE54-9A1E7A4F7556}") = "Contracts.Api", "Contracts.Api\Contracts.Api.csproj", "{0435E913-5625-4DCC-9006-E3BCD9F97898}"
EndProject
Project("{2150E333-8FDC-42A3-9474-1A3956D46DE8}") = "Auth", "Auth", "{7D407144-D6E1-4F0D-B8B4-36A4FE8ADE40}"
EndProject
Project("{2150E333-8FDC-42A3-9474-1A3956D46DE8}") = "Core", "Core", "{264E28F0-8718-49D1-BA22-55A896D9A599}"
EndProject
Project("{2150E333-8FDC-42A3-9474-1A3956D46DE8}") = "Contracts", "Contracts", "{AC6824F0-040F-4EAD-8E2B-76A5EB800DA7}"
EndProject
Project("{2150E333-8FDC-42A3-9474-1A3956D46DE8}") = "Users", "Users", "{624971EC-263F-4AE8-86BF-A8FF5856053C}"
EndProject
Project("{9A19103F-16F7-4668-BE54-9A1E7A4F7556}") = "Contracts.Domain", "Contracts.Domain\Contracts.Domain.csproj", "{B00F345E-695A-4F2F-B4A1-DDD3DE799A19}"
EndProject
Project("{9A19103F-16F7-4668-BE54-9A1E7A4F7556}") = "Infrastructure.Persistence", "Infrastructure.Persistence\Infrastructure.Persistence.csproj", "{04A9F698-E1CE-4841-81F7-3CBA4B59F871}"
EndProject
Project("{9A19103F-16F7-4668-BE54-9A1E7A4F7556}") = "Core.Users.Domain", "Core.Users.Domain\Core.Users.Domain.csproj", "{15E636BD-375B-4BA2-B970-0E40F7F886D1}"
EndProject
Project("{9A19103F-16F7-4668-BE54-9A1E7A4F7556}") = "Core.Application", "Core.Application\Core.Application.csproj", "{0072E506-5D40-46F3-9668-24D61C9C6227}"
EndProject
Project("{2150E333-8FDC-42A3-9474-1A3956D46DE8}") = "Auth", "Auth", "{D3AE0556-4A62-4549-B749-6EC07953296D}"
EndProject
Project("{9A19103F-16F7-4668-BE54-9A1E7A4F7556}") = "Core.Auth.Application", "Core.Auth.Application\Core.Auth.Application.csproj", "{66F0A9F6-826F-4F64-95D7-DF2AC9624057}"
EndProject
Project("{9A19103F-16F7-4668-BE54-9A1E7A4F7556}") = "Contracts.Application", "Contracts.Application\Contracts.Application.csproj", "{36C17662-B934-4C2C-B393-177F86600ED5}"
EndProject
Project("{9A19103F-16F7-4668-BE54-9A1E7A4F7556}") = "Auth.Domain", "Auth.Domain\Auth.Domain.csproj", "{01E0DE1A-1229-466B-9FAD-AF2F5253D0D2}"
EndProject
Project("{9A19103F-16F7-4668-BE54-9A1E7A4F7556}") = "Auth.Application", "Auth.Application\Auth.Application.csproj", "{F49B950E-1DF8-45DC-ADFA-33E1D959CEE5}"
EndProject
Project("{9A19103F-16F7-4668-BE54-9A1E7A4F7556}") = "Auth.Api", "Auth.Api\Auth.Api.csproj", "{F8244013-8AA5-4C80-98F9-9F78A35B990A}"
EndProject
Project("{9A19103F-16F7-4668-BE54-9A1E7A4F7556}") = "Core.Auth.Api", "Core.Auth.Api\Core.Auth.Api.csproj", "{2BD18106-5C09-4860-9EA4-57A1D1A9DA50}"
EndProject
Project("{9A19103F-16F7-4668-BE54-9A1E7A4F7556}") = "Core.Api", "Core.Api\Core.Api.csproj", "{68EB1498-7295-47C9-BA1E-B542A4704293}"
EndProject
Project("{9A19103F-16F7-4668-BE54-9A1E7A4F7556}") = "Users.Api", "Users.Api\Users.Api.csproj", "{7CA758F8-FBC1-48A1-A609-853FA6FAD8A5}"
EndProject
Project("{9A19103F-16F7-4668-BE54-9A1E7A4F7556}") = "Users.Application", "Users.Application\Users.Application.csproj", "{154A728B-C99F-48E3-9240-04407F462ADC}"
EndProject
Project("{2150E333-8FDC-42A3-9474-1A3956D46DE8}") = "Docker", "Docker", "{B3A68A62-7D32-4DB0-85B6-EAA5CB722534}"
	ProjectSection(SolutionItems) = preProject
		..\docker\compose.yml = ..\docker\compose.yml
	EndProjectSection
EndProject
Project("{2150E333-8FDC-42A3-9474-1A3956D46DE8}") = "env", "env", "{26D41163-A15B-4FC7-A4E7-288930802FAC}"
	ProjectSection(SolutionItems) = preProject
		..\docker\env\.env.containers = ..\docker\env\.env.containers
		..\docker\env\.env.dev = ..\docker\env\.env.dev
	EndProjectSection
EndProject
Global
	GlobalSection(SolutionConfigurationPlatforms) = preSolution
		Debug|Any CPU = Debug|Any CPU
		Release|Any CPU = Release|Any CPU
	EndGlobalSection
	GlobalSection(ProjectConfigurationPlatforms) = postSolution
		{0435E913-5625-4DCC-9006-E3BCD9F97898}.Debug|Any CPU.ActiveCfg = Debug|Any CPU
		{0435E913-5625-4DCC-9006-E3BCD9F97898}.Debug|Any CPU.Build.0 = Debug|Any CPU
		{0435E913-5625-4DCC-9006-E3BCD9F97898}.Release|Any CPU.ActiveCfg = Release|Any CPU
		{0435E913-5625-4DCC-9006-E3BCD9F97898}.Release|Any CPU.Build.0 = Release|Any CPU
		{B00F345E-695A-4F2F-B4A1-DDD3DE799A19}.Debug|Any CPU.ActiveCfg = Debug|Any CPU
		{B00F345E-695A-4F2F-B4A1-DDD3DE799A19}.Debug|Any CPU.Build.0 = Debug|Any CPU
		{B00F345E-695A-4F2F-B4A1-DDD3DE799A19}.Release|Any CPU.ActiveCfg = Release|Any CPU
		{B00F345E-695A-4F2F-B4A1-DDD3DE799A19}.Release|Any CPU.Build.0 = Release|Any CPU
		{04A9F698-E1CE-4841-81F7-3CBA4B59F871}.Debug|Any CPU.ActiveCfg = Debug|Any CPU
		{04A9F698-E1CE-4841-81F7-3CBA4B59F871}.Debug|Any CPU.Build.0 = Debug|Any CPU
		{04A9F698-E1CE-4841-81F7-3CBA4B59F871}.Release|Any CPU.ActiveCfg = Release|Any CPU
		{04A9F698-E1CE-4841-81F7-3CBA4B59F871}.Release|Any CPU.Build.0 = Release|Any CPU
		{15E636BD-375B-4BA2-B970-0E40F7F886D1}.Debug|Any CPU.ActiveCfg = Debug|Any CPU
		{15E636BD-375B-4BA2-B970-0E40F7F886D1}.Debug|Any CPU.Build.0 = Debug|Any CPU
		{15E636BD-375B-4BA2-B970-0E40F7F886D1}.Release|Any CPU.ActiveCfg = Release|Any CPU
		{15E636BD-375B-4BA2-B970-0E40F7F886D1}.Release|Any CPU.Build.0 = Release|Any CPU
		{0072E506-5D40-46F3-9668-24D61C9C6227}.Debug|Any CPU.ActiveCfg = Debug|Any CPU
		{0072E506-5D40-46F3-9668-24D61C9C6227}.Debug|Any CPU.Build.0 = Debug|Any CPU
		{0072E506-5D40-46F3-9668-24D61C9C6227}.Release|Any CPU.ActiveCfg = Release|Any CPU
		{0072E506-5D40-46F3-9668-24D61C9C6227}.Release|Any CPU.Build.0 = Release|Any CPU
		{66F0A9F6-826F-4F64-95D7-DF2AC9624057}.Debug|Any CPU.ActiveCfg = Debug|Any CPU
		{66F0A9F6-826F-4F64-95D7-DF2AC9624057}.Debug|Any CPU.Build.0 = Debug|Any CPU
		{66F0A9F6-826F-4F64-95D7-DF2AC9624057}.Release|Any CPU.ActiveCfg = Release|Any CPU
		{66F0A9F6-826F-4F64-95D7-DF2AC9624057}.Release|Any CPU.Build.0 = Release|Any CPU
		{36C17662-B934-4C2C-B393-177F86600ED5}.Debug|Any CPU.ActiveCfg = Debug|Any CPU
		{36C17662-B934-4C2C-B393-177F86600ED5}.Debug|Any CPU.Build.0 = Debug|Any CPU
		{36C17662-B934-4C2C-B393-177F86600ED5}.Release|Any CPU.ActiveCfg = Release|Any CPU
		{36C17662-B934-4C2C-B393-177F86600ED5}.Release|Any CPU.Build.0 = Release|Any CPU
		{01E0DE1A-1229-466B-9FAD-AF2F5253D0D2}.Debug|Any CPU.ActiveCfg = Debug|Any CPU
		{01E0DE1A-1229-466B-9FAD-AF2F5253D0D2}.Debug|Any CPU.Build.0 = Debug|Any CPU
		{01E0DE1A-1229-466B-9FAD-AF2F5253D0D2}.Release|Any CPU.ActiveCfg = Release|Any CPU
		{01E0DE1A-1229-466B-9FAD-AF2F5253D0D2}.Release|Any CPU.Build.0 = Release|Any CPU
		{F49B950E-1DF8-45DC-ADFA-33E1D959CEE5}.Debug|Any CPU.ActiveCfg = Debug|Any CPU
		{F49B950E-1DF8-45DC-ADFA-33E1D959CEE5}.Debug|Any CPU.Build.0 = Debug|Any CPU
		{F49B950E-1DF8-45DC-ADFA-33E1D959CEE5}.Release|Any CPU.ActiveCfg = Release|Any CPU
		{F49B950E-1DF8-45DC-ADFA-33E1D959CEE5}.Release|Any CPU.Build.0 = Release|Any CPU
		{F8244013-8AA5-4C80-98F9-9F78A35B990A}.Debug|Any CPU.ActiveCfg = Debug|Any CPU
		{F8244013-8AA5-4C80-98F9-9F78A35B990A}.Debug|Any CPU.Build.0 = Debug|Any CPU
		{F8244013-8AA5-4C80-98F9-9F78A35B990A}.Release|Any CPU.ActiveCfg = Release|Any CPU
		{F8244013-8AA5-4C80-98F9-9F78A35B990A}.Release|Any CPU.Build.0 = Release|Any CPU
		{2BD18106-5C09-4860-9EA4-57A1D1A9DA50}.Debug|Any CPU.ActiveCfg = Debug|Any CPU
		{2BD18106-5C09-4860-9EA4-57A1D1A9DA50}.Debug|Any CPU.Build.0 = Debug|Any CPU
		{2BD18106-5C09-4860-9EA4-57A1D1A9DA50}.Release|Any CPU.ActiveCfg = Release|Any CPU
		{2BD18106-5C09-4860-9EA4-57A1D1A9DA50}.Release|Any CPU.Build.0 = Release|Any CPU
		{68EB1498-7295-47C9-BA1E-B542A4704293}.Debug|Any CPU.ActiveCfg = Debug|Any CPU
		{68EB1498-7295-47C9-BA1E-B542A4704293}.Debug|Any CPU.Build.0 = Debug|Any CPU
		{68EB1498-7295-47C9-BA1E-B542A4704293}.Release|Any CPU.ActiveCfg = Release|Any CPU
		{68EB1498-7295-47C9-BA1E-B542A4704293}.Release|Any CPU.Build.0 = Release|Any CPU
		{7CA758F8-FBC1-48A1-A609-853FA6FAD8A5}.Debug|Any CPU.ActiveCfg = Debug|Any CPU
		{7CA758F8-FBC1-48A1-A609-853FA6FAD8A5}.Debug|Any CPU.Build.0 = Debug|Any CPU
		{7CA758F8-FBC1-48A1-A609-853FA6FAD8A5}.Release|Any CPU.ActiveCfg = Release|Any CPU
		{7CA758F8-FBC1-48A1-A609-853FA6FAD8A5}.Release|Any CPU.Build.0 = Release|Any CPU
		{154A728B-C99F-48E3-9240-04407F462ADC}.Debug|Any CPU.ActiveCfg = Debug|Any CPU
		{154A728B-C99F-48E3-9240-04407F462ADC}.Debug|Any CPU.Build.0 = Debug|Any CPU
		{154A728B-C99F-48E3-9240-04407F462ADC}.Release|Any CPU.ActiveCfg = Release|Any CPU
		{154A728B-C99F-48E3-9240-04407F462ADC}.Release|Any CPU.Build.0 = Release|Any CPU
	EndGlobalSection
	GlobalSection(SolutionProperties) = preSolution
		HideSolutionNode = FALSE
	EndGlobalSection
	GlobalSection(NestedProjects) = preSolution
		{0435E913-5625-4DCC-9006-E3BCD9F97898} = {99039CD7-63A4-40EC-9F94-3D69AA0B3241}
		{7D407144-D6E1-4F0D-B8B4-36A4FE8ADE40} = {09B24892-E2E8-449F-8B27-A616710C6D46}
		{264E28F0-8718-49D1-BA22-55A896D9A599} = {09B24892-E2E8-449F-8B27-A616710C6D46}
		{AC6824F0-040F-4EAD-8E2B-76A5EB800DA7} = {09B24892-E2E8-449F-8B27-A616710C6D46}
		{624971EC-263F-4AE8-86BF-A8FF5856053C} = {09B24892-E2E8-449F-8B27-A616710C6D46}
		{B00F345E-695A-4F2F-B4A1-DDD3DE799A19} = {AC6824F0-040F-4EAD-8E2B-76A5EB800DA7}
		{04A9F698-E1CE-4841-81F7-3CBA4B59F871} = {97D5E036-310E-4F07-BCAB-32FDBB8D0E01}
		{15E636BD-375B-4BA2-B970-0E40F7F886D1} = {264E28F0-8718-49D1-BA22-55A896D9A599}
		{0072E506-5D40-46F3-9668-24D61C9C6227} = {264E28F0-8718-49D1-BA22-55A896D9A599}
		{D3AE0556-4A62-4549-B749-6EC07953296D} = {264E28F0-8718-49D1-BA22-55A896D9A599}
		{66F0A9F6-826F-4F64-95D7-DF2AC9624057} = {D3AE0556-4A62-4549-B749-6EC07953296D}
		{36C17662-B934-4C2C-B393-177F86600ED5} = {AC6824F0-040F-4EAD-8E2B-76A5EB800DA7}
		{01E0DE1A-1229-466B-9FAD-AF2F5253D0D2} = {7D407144-D6E1-4F0D-B8B4-36A4FE8ADE40}
		{F49B950E-1DF8-45DC-ADFA-33E1D959CEE5} = {7D407144-D6E1-4F0D-B8B4-36A4FE8ADE40}
		{F8244013-8AA5-4C80-98F9-9F78A35B990A} = {99039CD7-63A4-40EC-9F94-3D69AA0B3241}
		{2BD18106-5C09-4860-9EA4-57A1D1A9DA50} = {D3AE0556-4A62-4549-B749-6EC07953296D}
		{68EB1498-7295-47C9-BA1E-B542A4704293} = {264E28F0-8718-49D1-BA22-55A896D9A599}
		{7CA758F8-FBC1-48A1-A609-853FA6FAD8A5} = {99039CD7-63A4-40EC-9F94-3D69AA0B3241}
		{154A728B-C99F-48E3-9240-04407F462ADC} = {624971EC-263F-4AE8-86BF-A8FF5856053C}
		{26D41163-A15B-4FC7-A4E7-288930802FAC} = {B3A68A62-7D32-4DB0-85B6-EAA5CB722534}
	EndGlobalSection
	GlobalSection(ExtensibilityGlobals) = postSolution
		SolutionGuid = {DE1B794E-5553-49C7-8353-EB89F4F96A3B}
	EndGlobalSection
EndGlobal
